
Microsoft Visual Studio Solution File, Format Version 12.00
# Visual Studio Version 17
VisualStudioVersion = 17.0.32014.148
MinimumVisualStudioVersion = 10.0.40219.1
Project("{FAE04EC0-301F-11D3-BF4B-00C04F79EFBC}") = "SGTest", "SGTest\SGTest.csproj", "{0E374AE1-A0D1-41E8-A069-C4AA6397A13E}"
EndProject
Global
	GlobalSection(SolutionConfigurationPlatforms) = preSolution
		Debug|Any CPU = Debug|Any CPU
		Release|Any CPU = Release|Any CPU
	EndGlobalSection
	GlobalSection(ProjectConfigurationPlatforms) = postSolution
		{0E374AE1-A0D1-41E8-A069-C4AA6397A13E}.Debug|Any CPU.ActiveCfg = Debug|Any CPU
		{0E374AE1-A0D1-41E8-A069-C4AA6397A13E}.Debug|Any CPU.Build.0 = Debug|Any CPU
		{0E374AE1-A0D1-41E8-A069-C4AA6397A13E}.Release|Any CPU.ActiveCfg = Release|Any CPU
		{0E374AE1-A0D1-41E8-A069-C4AA6397A13E}.Release|Any CPU.Build.0 = Release|Any CPU
	EndGlobalSection
	GlobalSection(SolutionProperties) = preSolution
		HideSolutionNode = FALSE
	EndGlobalSection
	GlobalSection(ExtensibilityGlobals) = postSolution
		SolutionGuid = {C564FC62-7803-409C-920A-3841408F4C60}
	EndGlobalSection
EndGlobal
